
Microsoft Visual Studio Solution File, Format Version 12.00
# Visual Studio Version 17
VisualStudioVersion = 17.0.31903.59
MinimumVisualStudioVersion = 10.0.40219.1
Project("{FAE04EC0-301F-11D3-BF4B-00C04F79EFBC}") = "Hero.Shared", "Hero.Shared\Hero.Shared.csproj", "{AF88FA4A-B6BA-4360-A0C9-80130D2040F2}"
EndProject
Project("{FAE04EC0-301F-11D3-BF4B-00C04F79EFBC}") = "Hero.API", "Hero.API\Hero.API.csproj", "{01532FF3-E706-4BAF-AF9B-1110FDC1D387}"
EndProject
Project("{FAE04EC0-301F-11D3-BF4B-00C04F79EFBC}") = "Hero.Blazor", "Hero.Blazor\Hero.Blazor.csproj", "{4E81955A-2854-4E8B-B5DE-4BCD6575E43D}"
EndProject
Global
	GlobalSection(SolutionConfigurationPlatforms) = preSolution
		Debug|Any CPU = Debug|Any CPU
		Debug|x64 = Debug|x64
		Debug|x86 = Debug|x86
		Release|Any CPU = Release|Any CPU
		Release|x64 = Release|x64
		Release|x86 = Release|x86
	EndGlobalSection
	GlobalSection(ProjectConfigurationPlatforms) = postSolution
		{AF88FA4A-B6BA-4360-A0C9-80130D2040F2}.Debug|Any CPU.ActiveCfg = Debug|Any CPU
		{AF88FA4A-B6BA-4360-A0C9-80130D2040F2}.Debug|Any CPU.Build.0 = Debug|Any CPU
		{AF88FA4A-B6BA-4360-A0C9-80130D2040F2}.Debug|x64.ActiveCfg = Debug|Any CPU
		{AF88FA4A-B6BA-4360-A0C9-80130D2040F2}.Debug|x64.Build.0 = Debug|Any CPU
		{AF88FA4A-B6BA-4360-A0C9-80130D2040F2}.Debug|x86.ActiveCfg = Debug|Any CPU
		{AF88FA4A-B6BA-4360-A0C9-80130D2040F2}.Debug|x86.Build.0 = Debug|Any CPU
		{AF88FA4A-B6BA-4360-A0C9-80130D2040F2}.Release|Any CPU.ActiveCfg = Release|Any CPU
		{AF88FA4A-B6BA-4360-A0C9-80130D2040F2}.Release|Any CPU.Build.0 = Release|Any CPU
		{AF88FA4A-B6BA-4360-A0C9-80130D2040F2}.Release|x64.ActiveCfg = Release|Any CPU
		{AF88FA4A-B6BA-4360-A0C9-80130D2040F2}.Release|x64.Build.0 = Release|Any CPU
		{AF88FA4A-B6BA-4360-A0C9-80130D2040F2}.Release|x86.ActiveCfg = Release|Any CPU
		{AF88FA4A-B6BA-4360-A0C9-80130D2040F2}.Release|x86.Build.0 = Release|Any CPU
		{01532FF3-E706-4BAF-AF9B-1110FDC1D387}.Debug|Any CPU.ActiveCfg = Debug|Any CPU
		{01532FF3-E706-4BAF-AF9B-1110FDC1D387}.Debug|Any CPU.Build.0 = Debug|Any CPU
		{01532FF3-E706-4BAF-AF9B-1110FDC1D387}.Debug|x64.ActiveCfg = Debug|Any CPU
		{01532FF3-E706-4BAF-AF9B-1110FDC1D387}.Debug|x64.Build.0 = Debug|Any CPU
		{01532FF3-E706-4BAF-AF9B-1110FDC1D387}.Debug|x86.ActiveCfg = Debug|Any CPU
		{01532FF3-E706-4BAF-AF9B-1110FDC1D387}.Debug|x86.Build.0 = Debug|Any CPU
		{01532FF3-E706-4BAF-AF9B-1110FDC1D387}.Release|Any CPU.ActiveCfg = Release|Any CPU
		{01532FF3-E706-4BAF-AF9B-1110FDC1D387}.Release|Any CPU.Build.0 = Release|Any CPU
		{01532FF3-E706-4BAF-AF9B-1110FDC1D387}.Release|x64.ActiveCfg = Release|Any CPU
		{01532FF3-E706-4BAF-AF9B-1110FDC1D387}.Release|x64.Build.0 = Release|Any CPU
		{01532FF3-E706-4BAF-AF9B-1110FDC1D387}.Release|x86.ActiveCfg = Release|Any CPU
		{01532FF3-E706-4BAF-AF9B-1110FDC1D387}.Release|x86.Build.0 = Release|Any CPU
		{4E81955A-2854-4E8B-B5DE-4BCD6575E43D}.Debug|Any CPU.ActiveCfg = Debug|Any CPU
		{4E81955A-2854-4E8B-B5DE-4BCD6575E43D}.Debug|Any CPU.Build.0 = Debug|Any CPU
		{4E81955A-2854-4E8B-B5DE-4BCD6575E43D}.Debug|x64.ActiveCfg = Debug|Any CPU
		{4E81955A-2854-4E8B-B5DE-4BCD6575E43D}.Debug|x64.Build.0 = Debug|Any CPU
		{4E81955A-2854-4E8B-B5DE-4BCD6575E43D}.Debug|x86.ActiveCfg = Debug|Any CPU
		{4E81955A-2854-4E8B-B5DE-4BCD6575E43D}.Debug|x86.Build.0 = Debug|Any CPU
		{4E81955A-2854-4E8B-B5DE-4BCD6575E43D}.Release|Any CPU.ActiveCfg = Release|Any CPU
		{4E81955A-2854-4E8B-B5DE-4BCD6575E43D}.Release|Any CPU.Build.0 = Release|Any CPU
		{4E81955A-2854-4E8B-B5DE-4BCD6575E43D}.Release|x64.ActiveCfg = Release|Any CPU
		{4E81955A-2854-4E8B-B5DE-4BCD6575E43D}.Release|x64.Build.0 = Release|Any CPU
		{4E81955A-2854-4E8B-B5DE-4BCD6575E43D}.Release|x86.ActiveCfg = Release|Any CPU
		{4E81955A-2854-4E8B-B5DE-4BCD6575E43D}.Release|x86.Build.0 = Release|Any CPU
	EndGlobalSection
	GlobalSection(SolutionProperties) = preSolution
		HideSolutionNode = FALSE
	EndGlobalSection
EndGlobal
